// !$*UTF8*$!
{
	archiveVersion = 1;
	classes = {
	};
	objectVersion = 50;
	objects = {

/* Begin PBXBuildFile section */
		29BBA0AF23FB8FF400687974 /* AppDelegate.swift in Sources */ = {isa = PBXBuildFile; fileRef = 29BBA0AE23FB8FF400687974 /* AppDelegate.swift */; };
		29BBA0B123FB8FF400687974 /* SceneDelegate.swift in Sources */ = {isa = PBXBuildFile; fileRef = 29BBA0B023FB8FF400687974 /* SceneDelegate.swift */; };
		29BBA0B323FB8FF400687974 /* ViewController.swift in Sources */ = {isa = PBXBuildFile; fileRef = 29BBA0B223FB8FF400687974 /* ViewController.swift */; };
		29BBA0B823FB8FF700687974 /* Assets.xcassets in Resources */ = {isa = PBXBuildFile; fileRef = 29BBA0B723FB8FF700687974 /* Assets.xcassets */; };
		29BBA0BB23FB8FF700687974 /* LaunchScreen.storyboard in Resources */ = {isa = PBXBuildFile; fileRef = 29BBA0B923FB8FF700687974 /* LaunchScreen.storyboard */; };
		29BBA0C623FB8FF700687974 /* PagingScrollTabTests.swift in Sources */ = {isa = PBXBuildFile; fileRef = 29BBA0C523FB8FF700687974 /* PagingScrollTabTests.swift */; };
		29BBA0D123FBB8E800687974 /* IsPagingEnabledPatternViewController.swift in Sources */ = {isa = PBXBuildFile; fileRef = 29BBA0D023FBB8E800687974 /* IsPagingEnabledPatternViewController.swift */; };
		29BBA0D423FBB92B00687974 /* IsPagingEnabledPatternView.swift in Sources */ = {isa = PBXBuildFile; fileRef = 29BBA0D323FBB92B00687974 /* IsPagingEnabledPatternView.swift */; };
		29BBA0D623FBB98B00687974 /* IsPagingEnabledPatternCell.swift in Sources */ = {isa = PBXBuildFile; fileRef = 29BBA0D523FBB98B00687974 /* IsPagingEnabledPatternCell.swift */; };
		29BBA0D823FBB99F00687974 /* IsPagingEnabledPatternCell.xib in Resources */ = {isa = PBXBuildFile; fileRef = 29BBA0D723FBB99F00687974 /* IsPagingEnabledPatternCell.xib */; };
		29BBA0DC23FBBA3D00687974 /* IsPagingEnabledPatternView.xib in Resources */ = {isa = PBXBuildFile; fileRef = 29BBA0DB23FBBA3D00687974 /* IsPagingEnabledPatternView.xib */; };
		29BBA0DE23FBBAD300687974 /* XibView.swift in Sources */ = {isa = PBXBuildFile; fileRef = 29BBA0DD23FBBAD300687974 /* XibView.swift */; };
		29BBA0E123FBCA4000687974 /* IsPagingEnabledPatternCollectionView.swift in Sources */ = {isa = PBXBuildFile; fileRef = 29BBA0E023FBCA4000687974 /* IsPagingEnabledPatternCollectionView.swift */; };
		29F466D723FBD34200BE02BF /* IsPagingEnabledPatternCollectionViewFlowLayout.swift in Sources */ = {isa = PBXBuildFile; fileRef = 29F466D623FBD34200BE02BF /* IsPagingEnabledPatternCollectionViewFlowLayout.swift */; };
		4838B55D1B2FCE7872DC8882 /* Pods_PagingScrollTabTests.framework in Frameworks */ = {isa = PBXBuildFile; fileRef = 0CD35996BB25FB4C5445F65F /* Pods_PagingScrollTabTests.framework */; };
		652F311C67E093523C0CFB65 /* Pods_PagingScrollTab.framework in Frameworks */ = {isa = PBXBuildFile; fileRef = 7DAC3148681FD44CA380FC92 /* Pods_PagingScrollTab.framework */; };
/* End PBXBuildFile section */

/* Begin PBXContainerItemProxy section */
		29BBA0C223FB8FF700687974 /* PBXContainerItemProxy */ = {
			isa = PBXContainerItemProxy;
			containerPortal = 29BBA0A323FB8FF400687974 /* Project object */;
			proxyType = 1;
			remoteGlobalIDString = 29BBA0AA23FB8FF400687974;
			remoteInfo = PagingScrollTab;
		};
/* End PBXContainerItemProxy section */

/* Begin PBXFileReference section */
		0CD35996BB25FB4C5445F65F /* Pods_PagingScrollTabTests.framework */ = {isa = PBXFileReference; explicitFileType = wrapper.framework; includeInIndex = 0; path = Pods_PagingScrollTabTests.framework; sourceTree = BUILT_PRODUCTS_DIR; };
		29BBA0AB23FB8FF400687974 /* PagingScrollTab.app */ = {isa = PBXFileReference; explicitFileType = wrapper.application; includeInIndex = 0; path = PagingScrollTab.app; sourceTree = BUILT_PRODUCTS_DIR; };
		29BBA0AE23FB8FF400687974 /* AppDelegate.swift */ = {isa = PBXFileReference; lastKnownFileType = sourcecode.swift; path = AppDelegate.swift; sourceTree = "<group>"; };
		29BBA0B023FB8FF400687974 /* SceneDelegate.swift */ = {isa = PBXFileReference; lastKnownFileType = sourcecode.swift; path = SceneDelegate.swift; sourceTree = "<group>"; };
		29BBA0B223FB8FF400687974 /* ViewController.swift */ = {isa = PBXFileReference; lastKnownFileType = sourcecode.swift; path = ViewController.swift; sourceTree = "<group>"; };
		29BBA0B723FB8FF700687974 /* Assets.xcassets */ = {isa = PBXFileReference; lastKnownFileType = folder.assetcatalog; path = Assets.xcassets; sourceTree = "<group>"; };
		29BBA0BA23FB8FF700687974 /* Base */ = {isa = PBXFileReference; lastKnownFileType = file.storyboard; name = Base; path = Base.lproj/LaunchScreen.storyboard; sourceTree = "<group>"; };
		29BBA0BC23FB8FF700687974 /* Info.plist */ = {isa = PBXFileReference; lastKnownFileType = text.plist.xml; path = Info.plist; sourceTree = "<group>"; };
		29BBA0C123FB8FF700687974 /* PagingScrollTabTests.xctest */ = {isa = PBXFileReference; explicitFileType = wrapper.cfbundle; includeInIndex = 0; path = PagingScrollTabTests.xctest; sourceTree = BUILT_PRODUCTS_DIR; };
		29BBA0C523FB8FF700687974 /* PagingScrollTabTests.swift */ = {isa = PBXFileReference; lastKnownFileType = sourcecode.swift; path = PagingScrollTabTests.swift; sourceTree = "<group>"; };
		29BBA0C723FB8FF700687974 /* Info.plist */ = {isa = PBXFileReference; lastKnownFileType = text.plist.xml; path = Info.plist; sourceTree = "<group>"; };
		29BBA0D023FBB8E800687974 /* IsPagingEnabledPatternViewController.swift */ = {isa = PBXFileReference; lastKnownFileType = sourcecode.swift; path = IsPagingEnabledPatternViewController.swift; sourceTree = "<group>"; };
		29BBA0D323FBB92B00687974 /* IsPagingEnabledPatternView.swift */ = {isa = PBXFileReference; lastKnownFileType = sourcecode.swift; path = IsPagingEnabledPatternView.swift; sourceTree = "<group>"; };
		29BBA0D523FBB98B00687974 /* IsPagingEnabledPatternCell.swift */ = {isa = PBXFileReference; lastKnownFileType = sourcecode.swift; path = IsPagingEnabledPatternCell.swift; sourceTree = "<group>"; };
		29BBA0D723FBB99F00687974 /* IsPagingEnabledPatternCell.xib */ = {isa = PBXFileReference; lastKnownFileType = file.xib; path = IsPagingEnabledPatternCell.xib; sourceTree = "<group>"; };
		29BBA0DB23FBBA3D00687974 /* IsPagingEnabledPatternView.xib */ = {isa = PBXFileReference; lastKnownFileType = file.xib; path = IsPagingEnabledPatternView.xib; sourceTree = "<group>"; };
		29BBA0DD23FBBAD300687974 /* XibView.swift */ = {isa = PBXFileReference; lastKnownFileType = sourcecode.swift; path = XibView.swift; sourceTree = "<group>"; };
		29BBA0E023FBCA4000687974 /* IsPagingEnabledPatternCollectionView.swift */ = {isa = PBXFileReference; lastKnownFileType = sourcecode.swift; path = IsPagingEnabledPatternCollectionView.swift; sourceTree = "<group>"; };
		29F466D623FBD34200BE02BF /* IsPagingEnabledPatternCollectionViewFlowLayout.swift */ = {isa = PBXFileReference; lastKnownFileType = sourcecode.swift; name = IsPagingEnabledPatternCollectionViewFlowLayout.swift; path = Cell/IsPagingEnabledPatternCollectionViewFlowLayout.swift; sourceTree = "<group>"; };
		5B78718F288C5A1429291E69 /* Pods-PagingScrollTabTests.debug.xcconfig */ = {isa = PBXFileReference; includeInIndex = 1; lastKnownFileType = text.xcconfig; name = "Pods-PagingScrollTabTests.debug.xcconfig"; path = "Target Support Files/Pods-PagingScrollTabTests/Pods-PagingScrollTabTests.debug.xcconfig"; sourceTree = "<group>"; };
		7DAC3148681FD44CA380FC92 /* Pods_PagingScrollTab.framework */ = {isa = PBXFileReference; explicitFileType = wrapper.framework; includeInIndex = 0; path = Pods_PagingScrollTab.framework; sourceTree = BUILT_PRODUCTS_DIR; };
		BBF941618414FE1F78CB9217 /* Pods-PagingScrollTab.release.xcconfig */ = {isa = PBXFileReference; includeInIndex = 1; lastKnownFileType = text.xcconfig; name = "Pods-PagingScrollTab.release.xcconfig"; path = "Target Support Files/Pods-PagingScrollTab/Pods-PagingScrollTab.release.xcconfig"; sourceTree = "<group>"; };
		C73963EAB05C6CA03C036D0A /* Pods-PagingScrollTabTests.release.xcconfig */ = {isa = PBXFileReference; includeInIndex = 1; lastKnownFileType = text.xcconfig; name = "Pods-PagingScrollTabTests.release.xcconfig"; path = "Target Support Files/Pods-PagingScrollTabTests/Pods-PagingScrollTabTests.release.xcconfig"; sourceTree = "<group>"; };
		E6167BAF5FB009367C2A945E /* Pods-PagingScrollTab.debug.xcconfig */ = {isa = PBXFileReference; includeInIndex = 1; lastKnownFileType = text.xcconfig; name = "Pods-PagingScrollTab.debug.xcconfig"; path = "Target Support Files/Pods-PagingScrollTab/Pods-PagingScrollTab.debug.xcconfig"; sourceTree = "<group>"; };
/* End PBXFileReference section */

/* Begin PBXFrameworksBuildPhase section */
		29BBA0A823FB8FF400687974 /* Frameworks */ = {
			isa = PBXFrameworksBuildPhase;
			buildActionMask = 2147483647;
			files = (
				652F311C67E093523C0CFB65 /* Pods_PagingScrollTab.framework in Frameworks */,
			);
			runOnlyForDeploymentPostprocessing = 0;
		};
		29BBA0BE23FB8FF700687974 /* Frameworks */ = {
			isa = PBXFrameworksBuildPhase;
			buildActionMask = 2147483647;
			files = (
				4838B55D1B2FCE7872DC8882 /* Pods_PagingScrollTabTests.framework in Frameworks */,
			);
			runOnlyForDeploymentPostprocessing = 0;
		};
/* End PBXFrameworksBuildPhase section */

/* Begin PBXGroup section */
		29BBA0A223FB8FF400687974 = {
			isa = PBXGroup;
			children = (
				29BBA0AD23FB8FF400687974 /* PagingScrollTab */,
				29BBA0C423FB8FF700687974 /* PagingScrollTabTests */,
				29BBA0AC23FB8FF400687974 /* Products */,
				2A6C5E837C47EE8B750703E4 /* Pods */,
				D44AF97CDD4E42D353AFD316 /* Frameworks */,
			);
			sourceTree = "<group>";
		};
		29BBA0AC23FB8FF400687974 /* Products */ = {
			isa = PBXGroup;
			children = (
				29BBA0AB23FB8FF400687974 /* PagingScrollTab.app */,
				29BBA0C123FB8FF700687974 /* PagingScrollTabTests.xctest */,
			);
			name = Products;
			sourceTree = "<group>";
		};
		29BBA0AD23FB8FF400687974 /* PagingScrollTab */ = {
			isa = PBXGroup;
			children = (
				29BBA0AE23FB8FF400687974 /* AppDelegate.swift */,
				29BBA0B023FB8FF400687974 /* SceneDelegate.swift */,
				29BBA0B223FB8FF400687974 /* ViewController.swift */,
				29BBA0B723FB8FF700687974 /* Assets.xcassets */,
				29BBA0B923FB8FF700687974 /* LaunchScreen.storyboard */,
				29BBA0BC23FB8FF700687974 /* Info.plist */,
				29BBA0D223FBB8EF00687974 /* IsPagingEnabled */,
				29BBA0DD23FBBAD300687974 /* XibView.swift */,
			);
			path = PagingScrollTab;
			sourceTree = "<group>";
		};
		29BBA0C423FB8FF700687974 /* PagingScrollTabTests */ = {
			isa = PBXGroup;
			children = (
				29BBA0C523FB8FF700687974 /* PagingScrollTabTests.swift */,
				29BBA0C723FB8FF700687974 /* Info.plist */,
			);
			path = PagingScrollTabTests;
			sourceTree = "<group>";
		};
		29BBA0D223FBB8EF00687974 /* IsPagingEnabled */ = {
			isa = PBXGroup;
			children = (
				29BBA0D023FBB8E800687974 /* IsPagingEnabledPatternViewController.swift */,
				29BBA0DF23FBC10300687974 /* View */,
			);
			path = IsPagingEnabled;
			sourceTree = "<group>";
		};
		29BBA0DA23FBB9B200687974 /* Cell */ = {
			isa = PBXGroup;
			children = (
				29BBA0D523FBB98B00687974 /* IsPagingEnabledPatternCell.swift */,
				29BBA0D723FBB99F00687974 /* IsPagingEnabledPatternCell.xib */,
			);
			path = Cell;
			sourceTree = "<group>";
		};
		29BBA0DF23FBC10300687974 /* View */ = {
			isa = PBXGroup;
			children = (
				29BBA0D323FBB92B00687974 /* IsPagingEnabledPatternView.swift */,
				29BBA0DB23FBBA3D00687974 /* IsPagingEnabledPatternView.xib */,
				29F466D523FBD2CE00BE02BF /* CollectionView */,
			);
			path = View;
			sourceTree = "<group>";
		};
		29F466D523FBD2CE00BE02BF /* CollectionView */ = {
			isa = PBXGroup;
			children = (
				29BBA0E023FBCA4000687974 /* IsPagingEnabledPatternCollectionView.swift */,
				29F466D623FBD34200BE02BF /* IsPagingEnabledPatternCollectionViewFlowLayout.swift */,
				29BBA0DA23FBB9B200687974 /* Cell */,
			);
			path = CollectionView;
			sourceTree = "<group>";
		};
		2A6C5E837C47EE8B750703E4 /* Pods */ = {
			isa = PBXGroup;
			children = (
				E6167BAF5FB009367C2A945E /* Pods-PagingScrollTab.debug.xcconfig */,
				BBF941618414FE1F78CB9217 /* Pods-PagingScrollTab.release.xcconfig */,
				5B78718F288C5A1429291E69 /* Pods-PagingScrollTabTests.debug.xcconfig */,
				C73963EAB05C6CA03C036D0A /* Pods-PagingScrollTabTests.release.xcconfig */,
			);
			path = Pods;
			sourceTree = "<group>";
		};
		D44AF97CDD4E42D353AFD316 /* Frameworks */ = {
			isa = PBXGroup;
			children = (
				7DAC3148681FD44CA380FC92 /* Pods_PagingScrollTab.framework */,
				0CD35996BB25FB4C5445F65F /* Pods_PagingScrollTabTests.framework */,
			);
			name = Frameworks;
			sourceTree = "<group>";
		};
/* End PBXGroup section */

/* Begin PBXNativeTarget section */
		29BBA0AA23FB8FF400687974 /* PagingScrollTab */ = {
			isa = PBXNativeTarget;
			buildConfigurationList = 29BBA0CA23FB8FF700687974 /* Build configuration list for PBXNativeTarget "PagingScrollTab" */;
			buildPhases = (
				E257081BC743C08AF2BFDD28 /* [CP] Check Pods Manifest.lock */,
				29BBA0A723FB8FF400687974 /* Sources */,
				29BBA0A823FB8FF400687974 /* Frameworks */,
				29BBA0A923FB8FF400687974 /* Resources */,
			);
			buildRules = (
			);
			dependencies = (
			);
			name = PagingScrollTab;
			productName = PagingScrollTab;
			productReference = 29BBA0AB23FB8FF400687974 /* PagingScrollTab.app */;
			productType = "com.apple.product-type.application";
		};
		29BBA0C023FB8FF700687974 /* PagingScrollTabTests */ = {
			isa = PBXNativeTarget;
			buildConfigurationList = 29BBA0CD23FB8FF700687974 /* Build configuration list for PBXNativeTarget "PagingScrollTabTests" */;
			buildPhases = (
				EF6541A5E47FEF128A156C42 /* [CP] Check Pods Manifest.lock */,
				29BBA0BD23FB8FF700687974 /* Sources */,
				29BBA0BE23FB8FF700687974 /* Frameworks */,
				29BBA0BF23FB8FF700687974 /* Resources */,
			);
			buildRules = (
			);
			dependencies = (
				29BBA0C323FB8FF700687974 /* PBXTargetDependency */,
			);
			name = PagingScrollTabTests;
			productName = PagingScrollTabTests;
			productReference = 29BBA0C123FB8FF700687974 /* PagingScrollTabTests.xctest */;
			productType = "com.apple.product-type.bundle.unit-test";
		};
/* End PBXNativeTarget section */

/* Begin PBXProject section */
		29BBA0A323FB8FF400687974 /* Project object */ = {
			isa = PBXProject;
			attributes = {
				LastSwiftUpdateCheck = 1130;
				LastUpgradeCheck = 1130;
				ORGANIZATIONNAME = y.ryoga;
				TargetAttributes = {
					29BBA0AA23FB8FF400687974 = {
						CreatedOnToolsVersion = 11.3;
					};
					29BBA0C023FB8FF700687974 = {
						CreatedOnToolsVersion = 11.3;
						TestTargetID = 29BBA0AA23FB8FF400687974;
					};
				};
			};
			buildConfigurationList = 29BBA0A623FB8FF400687974 /* Build configuration list for PBXProject "PagingScrollTab" */;
			compatibilityVersion = "Xcode 9.3";
			developmentRegion = en;
			hasScannedForEncodings = 0;
			knownRegions = (
				en,
				Base,
			);
			mainGroup = 29BBA0A223FB8FF400687974;
			productRefGroup = 29BBA0AC23FB8FF400687974 /* Products */;
			projectDirPath = "";
			projectRoot = "";
			targets = (
				29BBA0AA23FB8FF400687974 /* PagingScrollTab */,
				29BBA0C023FB8FF700687974 /* PagingScrollTabTests */,
			);
		};
/* End PBXProject section */

/* Begin PBXResourcesBuildPhase section */
		29BBA0A923FB8FF400687974 /* Resources */ = {
			isa = PBXResourcesBuildPhase;
			buildActionMask = 2147483647;
			files = (
				29BBA0D823FBB99F00687974 /* IsPagingEnabledPatternCell.xib in Resources */,
				29BBA0DC23FBBA3D00687974 /* IsPagingEnabledPatternView.xib in Resources */,
				29BBA0BB23FB8FF700687974 /* LaunchScreen.storyboard in Resources */,
				29BBA0B823FB8FF700687974 /* Assets.xcassets in Resources */,
			);
			runOnlyForDeploymentPostprocessing = 0;
		};
		29BBA0BF23FB8FF700687974 /* Resources */ = {
			isa = PBXResourcesBuildPhase;
			buildActionMask = 2147483647;
			files = (
			);
			runOnlyForDeploymentPostprocessing = 0;
		};
/* End PBXResourcesBuildPhase section */

/* Begin PBXShellScriptBuildPhase section */
		E257081BC743C08AF2BFDD28 /* [CP] Check Pods Manifest.lock */ = {
			isa = PBXShellScriptBuildPhase;
			buildActionMask = 2147483647;
			files = (
			);
			inputFileListPaths = (
			);
			inputPaths = (
				"${PODS_PODFILE_DIR_PATH}/Podfile.lock",
				"${PODS_ROOT}/Manifest.lock",
			);
			name = "[CP] Check Pods Manifest.lock";
			outputFileListPaths = (
			);
			outputPaths = (
				"$(DERIVED_FILE_DIR)/Pods-PagingScrollTab-checkManifestLockResult.txt",
			);
			runOnlyForDeploymentPostprocessing = 0;
			shellPath = /bin/sh;
			shellScript = "diff \"${PODS_PODFILE_DIR_PATH}/Podfile.lock\" \"${PODS_ROOT}/Manifest.lock\" > /dev/null\nif [ $? != 0 ] ; then\n    # print error to STDERR\n    echo \"error: The sandbox is not in sync with the Podfile.lock. Run 'pod install' or update your CocoaPods installation.\" >&2\n    exit 1\nfi\n# This output is used by Xcode 'outputs' to avoid re-running this script phase.\necho \"SUCCESS\" > \"${SCRIPT_OUTPUT_FILE_0}\"\n";
			showEnvVarsInLog = 0;
		};
		EF6541A5E47FEF128A156C42 /* [CP] Check Pods Manifest.lock */ = {
			isa = PBXShellScriptBuildPhase;
			buildActionMask = 2147483647;
			files = (
			);
			inputFileListPaths = (
			);
			inputPaths = (
				"${PODS_PODFILE_DIR_PATH}/Podfile.lock",
				"${PODS_ROOT}/Manifest.lock",
			);
			name = "[CP] Check Pods Manifest.lock";
			outputFileListPaths = (
			);
			outputPaths = (
				"$(DERIVED_FILE_DIR)/Pods-PagingScrollTabTests-checkManifestLockResult.txt",
			);
			runOnlyForDeploymentPostprocessing = 0;
			shellPath = /bin/sh;
			shellScript = "diff \"${PODS_PODFILE_DIR_PATH}/Podfile.lock\" \"${PODS_ROOT}/Manifest.lock\" > /dev/null\nif [ $? != 0 ] ; then\n    # print error to STDERR\n    echo \"error: The sandbox is not in sync with the Podfile.lock. Run 'pod install' or update your CocoaPods installation.\" >&2\n    exit 1\nfi\n# This output is used by Xcode 'outputs' to avoid re-running this script phase.\necho \"SUCCESS\" > \"${SCRIPT_OUTPUT_FILE_0}\"\n";
			showEnvVarsInLog = 0;
		};
/* End PBXShellScriptBuildPhase section */

/* Begin PBXSourcesBuildPhase section */
		29BBA0A723FB8FF400687974 /* Sources */ = {
			isa = PBXSourcesBuildPhase;
			buildActionMask = 2147483647;
			files = (
				29BBA0D623FBB98B00687974 /* IsPagingEnabledPatternCell.swift in Sources */,
				29BBA0DE23FBBAD300687974 /* XibView.swift in Sources */,
				29F466D723FBD34200BE02BF /* IsPagingEnabledPatternCollectionViewFlowLayout.swift in Sources */,
				29BBA0B323FB8FF400687974 /* ViewController.swift in Sources */,
				29BBA0AF23FB8FF400687974 /* AppDelegate.swift in Sources */,
				29BBA0B123FB8FF400687974 /* SceneDelegate.swift in Sources */,
				29BBA0D123FBB8E800687974 /* IsPagingEnabledPatternViewController.swift in Sources */,
				29BBA0D423FBB92B00687974 /* IsPagingEnabledPatternView.swift in Sources */,
				29BBA0E123FBCA4000687974 /* IsPagingEnabledPatternCollectionView.swift in Sources */,
			);
			runOnlyForDeploymentPostprocessing = 0;
		};
		29BBA0BD23FB8FF700687974 /* Sources */ = {
			isa = PBXSourcesBuildPhase;
			buildActionMask = 2147483647;
			files = (
				29BBA0C623FB8FF700687974 /* PagingScrollTabTests.swift in Sources */,
			);
			runOnlyForDeploymentPostprocessing = 0;
		};
/* End PBXSourcesBuildPhase section */

/* Begin PBXTargetDependency section */
		29BBA0C323FB8FF700687974 /* PBXTargetDependency */ = {
			isa = PBXTargetDependency;
			target = 29BBA0AA23FB8FF400687974 /* PagingScrollTab */;
			targetProxy = 29BBA0C223FB8FF700687974 /* PBXContainerItemProxy */;
		};
/* End PBXTargetDependency section */

/* Begin PBXVariantGroup section */
		29BBA0B923FB8FF700687974 /* LaunchScreen.storyboard */ = {
			isa = PBXVariantGroup;
			children = (
				29BBA0BA23FB8FF700687974 /* Base */,
			);
			name = LaunchScreen.storyboard;
			sourceTree = "<group>";
		};
/* End PBXVariantGroup section */

/* Begin XCBuildConfiguration section */
		29BBA0C823FB8FF700687974 /* Debug */ = {
			isa = XCBuildConfiguration;
			buildSettings = {
				ALWAYS_SEARCH_USER_PATHS = NO;
				CLANG_ANALYZER_NONNULL = YES;
				CLANG_ANALYZER_NUMBER_OBJECT_CONVERSION = YES_AGGRESSIVE;
				CLANG_CXX_LANGUAGE_STANDARD = "gnu++14";
				CLANG_CXX_LIBRARY = "libc++";
				CLANG_ENABLE_MODULES = YES;
				CLANG_ENABLE_OBJC_ARC = YES;
				CLANG_ENABLE_OBJC_WEAK = YES;
				CLANG_WARN_BLOCK_CAPTURE_AUTORELEASING = YES;
				CLANG_WARN_BOOL_CONVERSION = YES;
				CLANG_WARN_COMMA = YES;
				CLANG_WARN_CONSTANT_CONVERSION = YES;
				CLANG_WARN_DEPRECATED_OBJC_IMPLEMENTATIONS = YES;
				CLANG_WARN_DIRECT_OBJC_ISA_USAGE = YES_ERROR;
				CLANG_WARN_DOCUMENTATION_COMMENTS = YES;
				CLANG_WARN_EMPTY_BODY = YES;
				CLANG_WARN_ENUM_CONVERSION = YES;
				CLANG_WARN_INFINITE_RECURSION = YES;
				CLANG_WARN_INT_CONVERSION = YES;
				CLANG_WARN_NON_LITERAL_NULL_CONVERSION = YES;
				CLANG_WARN_OBJC_IMPLICIT_RETAIN_SELF = YES;
				CLANG_WARN_OBJC_LITERAL_CONVERSION = YES;
				CLANG_WARN_OBJC_ROOT_CLASS = YES_ERROR;
				CLANG_WARN_RANGE_LOOP_ANALYSIS = YES;
				CLANG_WARN_STRICT_PROTOTYPES = YES;
				CLANG_WARN_SUSPICIOUS_MOVE = YES;
				CLANG_WARN_UNGUARDED_AVAILABILITY = YES_AGGRESSIVE;
				CLANG_WARN_UNREACHABLE_CODE = YES;
				CLANG_WARN__DUPLICATE_METHOD_MATCH = YES;
				COPY_PHASE_STRIP = NO;
				DEBUG_INFORMATION_FORMAT = dwarf;
				ENABLE_STRICT_OBJC_MSGSEND = YES;
				ENABLE_TESTABILITY = YES;
				GCC_C_LANGUAGE_STANDARD = gnu11;
				GCC_DYNAMIC_NO_PIC = NO;
				GCC_NO_COMMON_BLOCKS = YES;
				GCC_OPTIMIZATION_LEVEL = 0;
				GCC_PREPROCESSOR_DEFINITIONS = (
					"DEBUG=1",
					"$(inherited)",
				);
				GCC_WARN_64_TO_32_BIT_CONVERSION = YES;
				GCC_WARN_ABOUT_RETURN_TYPE = YES_ERROR;
				GCC_WARN_UNDECLARED_SELECTOR = YES;
				GCC_WARN_UNINITIALIZED_AUTOS = YES_AGGRESSIVE;
				GCC_WARN_UNUSED_FUNCTION = YES;
				GCC_WARN_UNUSED_VARIABLE = YES;
				IPHONEOS_DEPLOYMENT_TARGET = 13.2;
				MTL_ENABLE_DEBUG_INFO = INCLUDE_SOURCE;
				MTL_FAST_MATH = YES;
				ONLY_ACTIVE_ARCH = YES;
				SDKROOT = iphoneos;
				SWIFT_ACTIVE_COMPILATION_CONDITIONS = DEBUG;
				SWIFT_OPTIMIZATION_LEVEL = "-Onone";
			};
			name = Debug;
		};
		29BBA0C923FB8FF700687974 /* Release */ = {
			isa = XCBuildConfiguration;
			buildSettings = {
				ALWAYS_SEARCH_USER_PATHS = NO;
				CLANG_ANALYZER_NONNULL = YES;
				CLANG_ANALYZER_NUMBER_OBJECT_CONVERSION = YES_AGGRESSIVE;
				CLANG_CXX_LANGUAGE_STANDARD = "gnu++14";
				CLANG_CXX_LIBRARY = "libc++";
				CLANG_ENABLE_MODULES = YES;
				CLANG_ENABLE_OBJC_ARC = YES;
				CLANG_ENABLE_OBJC_WEAK = YES;
				CLANG_WARN_BLOCK_CAPTURE_AUTORELEASING = YES;
				CLANG_WARN_BOOL_CONVERSION = YES;
				CLANG_WARN_COMMA = YES;
				CLANG_WARN_CONSTANT_CONVERSION = YES;
				CLANG_WARN_DEPRECATED_OBJC_IMPLEMENTATIONS = YES;
				CLANG_WARN_DIRECT_OBJC_ISA_USAGE = YES_ERROR;
				CLANG_WARN_DOCUMENTATION_COMMENTS = YES;
				CLANG_WARN_EMPTY_BODY = YES;
				CLANG_WARN_ENUM_CONVERSION = YES;
				CLANG_WARN_INFINITE_RECURSION = YES;
				CLANG_WARN_INT_CONVERSION = YES;
				CLANG_WARN_NON_LITERAL_NULL_CONVERSION = YES;
				CLANG_WARN_OBJC_IMPLICIT_RETAIN_SELF = YES;
				CLANG_WARN_OBJC_LITERAL_CONVERSION = YES;
				CLANG_WARN_OBJC_ROOT_CLASS = YES_ERROR;
				CLANG_WARN_RANGE_LOOP_ANALYSIS = YES;
				CLANG_WARN_STRICT_PROTOTYPES = YES;
				CLANG_WARN_SUSPICIOUS_MOVE = YES;
				CLANG_WARN_UNGUARDED_AVAILABILITY = YES_AGGRESSIVE;
				CLANG_WARN_UNREACHABLE_CODE = YES;
				CLANG_WARN__DUPLICATE_METHOD_MATCH = YES;
				COPY_PHASE_STRIP = NO;
				DEBUG_INFORMATION_FORMAT = "dwarf-with-dsym";
				ENABLE_NS_ASSERTIONS = NO;
				ENABLE_STRICT_OBJC_MSGSEND = YES;
				GCC_C_LANGUAGE_STANDARD = gnu11;
				GCC_NO_COMMON_BLOCKS = YES;
				GCC_WARN_64_TO_32_BIT_CONVERSION = YES;
				GCC_WARN_ABOUT_RETURN_TYPE = YES_ERROR;
				GCC_WARN_UNDECLARED_SELECTOR = YES;
				GCC_WARN_UNINITIALIZED_AUTOS = YES_AGGRESSIVE;
				GCC_WARN_UNUSED_FUNCTION = YES;
				GCC_WARN_UNUSED_VARIABLE = YES;
				IPHONEOS_DEPLOYMENT_TARGET = 13.2;
				MTL_ENABLE_DEBUG_INFO = NO;
				MTL_FAST_MATH = YES;
				SDKROOT = iphoneos;
				SWIFT_COMPILATION_MODE = wholemodule;
				SWIFT_OPTIMIZATION_LEVEL = "-O";
				VALIDATE_PRODUCT = YES;
			};
			name = Release;
		};
		29BBA0CB23FB8FF700687974 /* Debug */ = {
			isa = XCBuildConfiguration;
			baseConfigurationReference = E6167BAF5FB009367C2A945E /* Pods-PagingScrollTab.debug.xcconfig */;
			buildSettings = {
				ASSETCATALOG_COMPILER_APPICON_NAME = AppIcon;
				CODE_SIGN_STYLE = Automatic;
				DEVELOPMENT_TEAM = CMZ8NMX69N;
				INFOPLIST_FILE = PagingScrollTab/Info.plist;
				LD_RUNPATH_SEARCH_PATHS = (
					"$(inherited)",
					"@executable_path/Frameworks",
				);
				PRODUCT_BUNDLE_IDENTIFIER = y.ryoga.PagingScrollTab;
				PRODUCT_NAME = "$(TARGET_NAME)";
				SWIFT_VERSION = 5.0;
				TARGETED_DEVICE_FAMILY = 1;
			};
			name = Debug;
		};
		29BBA0CC23FB8FF700687974 /* Release */ = {
			isa = XCBuildConfiguration;
			baseConfigurationReference = BBF941618414FE1F78CB9217 /* Pods-PagingScrollTab.release.xcconfig */;
			buildSettings = {
				ASSETCATALOG_COMPILER_APPICON_NAME = AppIcon;
				CODE_SIGN_STYLE = Automatic;
				DEVELOPMENT_TEAM = CMZ8NMX69N;
				INFOPLIST_FILE = PagingScrollTab/Info.plist;
				LD_RUNPATH_SEARCH_PATHS = (
					"$(inherited)",
					"@executable_path/Frameworks",
				);
				PRODUCT_BUNDLE_IDENTIFIER = y.ryoga.PagingScrollTab;
				PRODUCT_NAME = "$(TARGET_NAME)";
				SWIFT_VERSION = 5.0;
				TARGETED_DEVICE_FAMILY = 1;
			};
			name = Release;
		};
		29BBA0CE23FB8FF700687974 /* Debug */ = {
			isa = XCBuildConfiguration;
			baseConfigurationReference = 5B78718F288C5A1429291E69 /* Pods-PagingScrollTabTests.debug.xcconfig */;
			buildSettings = {
				ALWAYS_EMBED_SWIFT_STANDARD_LIBRARIES = YES;
				BUNDLE_LOADER = "$(TEST_HOST)";
				CODE_SIGN_STYLE = Automatic;
				DEVELOPMENT_TEAM = CMZ8NMX69N;
				INFOPLIST_FILE = PagingScrollTabTests/Info.plist;
				IPHONEOS_DEPLOYMENT_TARGET = 13.2;
				LD_RUNPATH_SEARCH_PATHS = (
					"$(inherited)",
					"@executable_path/Frameworks",
					"@loader_path/Frameworks",
				);
				PRODUCT_BUNDLE_IDENTIFIER = y.ryoga.PagingScrollTabTests;
				PRODUCT_NAME = "$(TARGET_NAME)";
				SWIFT_VERSION = 5.0;
				TARGETED_DEVICE_FAMILY = "1,2";
				TEST_HOST = "$(BUILT_PRODUCTS_DIR)/PagingScrollTab.app/PagingScrollTab";
			};
			name = Debug;
		};
		29BBA0CF23FB8FF700687974 /* Release */ = {
			isa = XCBuildConfiguration;
			baseConfigurationReference = C73963EAB05C6CA03C036D0A /* Pods-PagingScrollTabTests.release.xcconfig */;
			buildSettings = {
				ALWAYS_EMBED_SWIFT_STANDARD_LIBRARIES = YES;
				BUNDLE_LOADER = "$(TEST_HOST)";
				CODE_SIGN_STYLE = Automatic;
				DEVELOPMENT_TEAM = CMZ8NMX69N;
				INFOPLIST_FILE = PagingScrollTabTests/Info.plist;
				IPHONEOS_DEPLOYMENT_TARGET = 13.2;
				LD_RUNPATH_SEARCH_PATHS = (
					"$(inherited)",
					"@executable_path/Frameworks",
					"@loader_path/Frameworks",
				);
				PRODUCT_BUNDLE_IDENTIFIER = y.ryoga.PagingScrollTabTests;
				PRODUCT_NAME = "$(TARGET_NAME)";
				SWIFT_VERSION = 5.0;
				TARGETED_DEVICE_FAMILY = "1,2";
				TEST_HOST = "$(BUILT_PRODUCTS_DIR)/PagingScrollTab.app/PagingScrollTab";
			};
			name = Release;
		};
/* End XCBuildConfiguration section */

/* Begin XCConfigurationList section */
		29BBA0A623FB8FF400687974 /* Build configuration list for PBXProject "PagingScrollTab" */ = {
			isa = XCConfigurationList;
			buildConfigurations = (
				29BBA0C823FB8FF700687974 /* Debug */,
				29BBA0C923FB8FF700687974 /* Release */,
			);
			defaultConfigurationIsVisible = 0;
			defaultConfigurationName = Release;
		};
		29BBA0CA23FB8FF700687974 /* Build configuration list for PBXNativeTarget "PagingScrollTab" */ = {
			isa = XCConfigurationList;
			buildConfigurations = (
				29BBA0CB23FB8FF700687974 /* Debug */,
				29BBA0CC23FB8FF700687974 /* Release */,
			);
			defaultConfigurationIsVisible = 0;
			defaultConfigurationName = Release;
		};
		29BBA0CD23FB8FF700687974 /* Build configuration list for PBXNativeTarget "PagingScrollTabTests" */ = {
			isa = XCConfigurationList;
			buildConfigurations = (
				29BBA0CE23FB8FF700687974 /* Debug */,
				29BBA0CF23FB8FF700687974 /* Release */,
			);
			defaultConfigurationIsVisible = 0;
			defaultConfigurationName = Release;
		};
/* End XCConfigurationList section */
	};
	rootObject = 29BBA0A323FB8FF400687974 /* Project object */;
}
